uuid: 3ec5d437-ca99-49f2-9bb2-1766d77edf91
langcode: en
status: true
dependencies:
  config:
    - views.view.post_listing
  module:
    - system
    - views
  theme:
    - agency_theme
id: views_block__post_listing_fp_announce_block
theme: agency_theme
region: content
weight: -4
provider: null
plugin: 'views_block:post_listing-fp_announce_block'
settings:
  id: 'views_block:post_listing-fp_announce_block'
  label: ''
  provider: views
  label_display: visible
  views_label: ''
  items_per_page: none
visibility:
  request_path:
    id: request_path
    pages: '<front>'
    negate: false
    context_mapping: {  }
